{
  "name": "master-list-anki-provider",
  "version": "0.1.0",
  "lockfileVersion": 2,
  "requires": true,
  "packages": {
    "": {
      "name": "master-list-anki-provider",
      "version": "0.1.0",
      "hasInstallScript": true,
      "devDependencies": {
        "typescript": "^4.6.3"
      },
      "peerDependencies": {
        "master-list": "git://github.com/zeyber/master-list.git"
      }
    },
    "node_modules/@types/node": {
      "version": "17.0.24",
      "license": "MIT",
      "optional": true,
      "peer": true
    },
    "node_modules/@types/yauzl": {
      "version": "2.10.0",
      "license": "MIT",
      "optional": true,
      "peer": true,
      "dependencies": {
        "@types/node": "*"
      }
    },
    "node_modules/agent-base": {
      "version": "6.0.2",
      "license": "MIT",
      "peer": true,
      "dependencies": {
        "debug": "4"
      },
      "engines": {
        "node": ">= 6.0.0"
      }
    },
    "node_modules/balanced-match": {
      "version": "1.0.2",
      "license": "MIT",
      "peer": true
    },
    "node_modules/base64-js": {
      "version": "1.5.1",
      "funding": [
        {
          "type": "github",
          "url": "https://github.com/sponsors/feross"
        },
        {
          "type": "patreon",
          "url": "https://www.patreon.com/feross"
        },
        {
          "type": "consulting",
          "url": "https://feross.org/support"
        }
      ],
      "license": "MIT",
      "peer": true
    },
    "node_modules/bl": {
      "version": "4.1.0",
      "license": "MIT",
      "peer": true,
      "dependencies": {
        "buffer": "^5.5.0",
        "inherits": "^2.0.4",
        "readable-stream": "^3.4.0"
      }
    },
    "node_modules/brace-expansion": {
      "version": "1.1.11",
      "license": "MIT",
      "peer": true,
      "dependencies": {
        "balanced-match": "^1.0.0",
        "concat-map": "0.0.1"
      }
    },
    "node_modules/buffer": {
      "version": "5.7.1",
      "funding": [
        {
          "type": "github",
          "url": "https://github.com/sponsors/feross"
        },
        {
          "type": "patreon",
          "url": "https://www.patreon.com/feross"
        },
        {
          "type": "consulting",
          "url": "https://feross.org/support"
        }
      ],
      "license": "MIT",
      "peer": true,
      "dependencies": {
        "base64-js": "^1.3.1",
        "ieee754": "^1.1.13"
      }
    },
    "node_modules/buffer-crc32": {
      "version": "0.2.13",
      "license": "MIT",
      "peer": true,
      "engines": {
        "node": "*"
      }
    },
    "node_modules/chownr": {
      "version": "1.1.4",
      "license": "ISC",
      "peer": true
    },
    "node_modules/concat-map": {
      "version": "0.0.1",
      "license": "MIT",
      "peer": true
    },
    "node_modules/cross-fetch": {
      "version": "3.1.5",
      "license": "MIT",
      "peer": true,
      "dependencies": {
        "node-fetch": "2.6.7"
      }
    },
    "node_modules/debug": {
      "version": "4.3.4",
      "license": "MIT",
      "peer": true,
      "dependencies": {
        "ms": "2.1.2"
      },
      "engines": {
        "node": ">=6.0"
      },
      "peerDependenciesMeta": {
        "supports-color": {
          "optional": true
        }
      }
    },
    "node_modules/devtools-protocol": {
      "version": "0.0.969999",
      "license": "BSD-3-Clause",
      "peer": true
    },
    "node_modules/dotenv": {
      "version": "8.6.0",
      "license": "BSD-2-Clause",
      "peer": true,
      "engines": {
        "node": ">=10"
      }
    },
    "node_modules/end-of-stream": {
      "version": "1.4.4",
      "license": "MIT",
      "peer": true,
      "dependencies": {
        "once": "^1.4.0"
      }
    },
    "node_modules/extract-zip": {
      "version": "2.0.1",
      "license": "BSD-2-Clause",
      "peer": true,
      "dependencies": {
        "debug": "^4.1.1",
        "get-stream": "^5.1.0",
        "yauzl": "^2.10.0"
      },
      "bin": {
        "extract-zip": "cli.js"
      },
      "engines": {
        "node": ">= 10.17.0"
      },
      "optionalDependencies": {
        "@types/yauzl": "^2.9.1"
      }
    },
    "node_modules/fd-slicer": {
      "version": "1.1.0",
      "license": "MIT",
      "peer": true,
      "dependencies": {
        "pend": "~1.2.0"
      }
    },
    "node_modules/find-up": {
      "version": "4.1.0",
      "license": "MIT",
      "peer": true,
      "dependencies": {
        "locate-path": "^5.0.0",
        "path-exists": "^4.0.0"
      },
      "engines": {
        "node": ">=8"
      }
    },
    "node_modules/fs-constants": {
      "version": "1.0.0",
      "license": "MIT",
      "peer": true
    },
    "node_modules/fs.realpath": {
      "version": "1.0.0",
      "license": "ISC",
      "peer": true
    },
    "node_modules/get-stream": {
      "version": "5.2.0",
      "license": "MIT",
      "peer": true,
      "dependencies": {
        "pump": "^3.0.0"
      },
      "engines": {
        "node": ">=8"
      },
      "funding": {
        "url": "https://github.com/sponsors/sindresorhus"
      }
    },
    "node_modules/glob": {
      "version": "7.2.0",
      "license": "ISC",
      "peer": true,
      "dependencies": {
        "fs.realpath": "^1.0.0",
        "inflight": "^1.0.4",
        "inherits": "2",
        "minimatch": "^3.0.4",
        "once": "^1.3.0",
        "path-is-absolute": "^1.0.0"
      },
      "engines": {
        "node": "*"
      },
      "funding": {
        "url": "https://github.com/sponsors/isaacs"
      }
    },
    "node_modules/https-proxy-agent": {
      "version": "5.0.0",
      "license": "MIT",
      "peer": true,
      "dependencies": {
        "agent-base": "6",
        "debug": "4"
      },
      "engines": {
        "node": ">= 6"
      }
    },
    "node_modules/ieee754": {
      "version": "1.2.1",
      "funding": [
        {
          "type": "github",
          "url": "https://github.com/sponsors/feross"
        },
        {
          "type": "patreon",
          "url": "https://www.patreon.com/feross"
        },
        {
          "type": "consulting",
          "url": "https://feross.org/support"
        }
      ],
      "license": "BSD-3-Clause",
      "peer": true
    },
    "node_modules/inflight": {
      "version": "1.0.6",
      "license": "ISC",
      "peer": true,
      "dependencies": {
        "once": "^1.3.0",
        "wrappy": "1"
      }
    },
    "node_modules/inherits": {
      "version": "2.0.4",
      "license": "ISC",
      "peer": true
    },
    "node_modules/locate-path": {
      "version": "5.0.0",
      "license": "MIT",
      "peer": true,
      "dependencies": {
        "p-locate": "^4.1.0"
      },
      "engines": {
        "node": ">=8"
      }
    },
    "node_modules/master-list": {
      "version": "0.1.0",
      "resolved": "git+ssh://git@github.com/zeyber/master-list.git#a8f98b98f3f26dcc48dd06fe7139cddbcd23c619",
      "hasInstallScript": true,
      "license": "ISC",
      "peer": true,
      "dependencies": {
        "dotenv": "^8.2.0",
        "puppeteer": "^13.0.0"
      }
    },
    "node_modules/minimatch": {
      "version": "3.1.2",
      "license": "ISC",
      "peer": true,
      "dependencies": {
        "brace-expansion": "^1.1.7"
      },
      "engines": {
        "node": "*"
      }
    },
    "node_modules/mkdirp-classic": {
      "version": "0.5.3",
      "license": "MIT",
      "peer": true
    },
    "node_modules/ms": {
      "version": "2.1.2",
      "license": "MIT",
      "peer": true
    },
    "node_modules/node-fetch": {
      "version": "2.6.7",
      "license": "MIT",
      "peer": true,
      "dependencies": {
        "whatwg-url": "^5.0.0"
      },
      "engines": {
        "node": "4.x || >=6.0.0"
      },
      "peerDependencies": {
        "encoding": "^0.1.0"
      },
      "peerDependenciesMeta": {
        "encoding": {
          "optional": true
        }
      }
    },
    "node_modules/once": {
      "version": "1.4.0",
      "license": "ISC",
      "peer": true,
      "dependencies": {
        "wrappy": "1"
      }
    },
    "node_modules/p-limit": {
      "version": "2.3.0",
      "license": "MIT",
      "peer": true,
      "dependencies": {
        "p-try": "^2.0.0"
      },
      "engines": {
        "node": ">=6"
      },
      "funding": {
        "url": "https://github.com/sponsors/sindresorhus"
      }
    },
    "node_modules/p-locate": {
      "version": "4.1.0",
      "license": "MIT",
      "peer": true,
      "dependencies": {
        "p-limit": "^2.2.0"
      },
      "engines": {
        "node": ">=8"
      }
    },
    "node_modules/p-try": {
      "version": "2.2.0",
      "license": "MIT",
      "peer": true,
      "engines": {
        "node": ">=6"
      }
    },
    "node_modules/path-exists": {
      "version": "4.0.0",
      "license": "MIT",
      "peer": true,
      "engines": {
        "node": ">=8"
      }
    },
    "node_modules/path-is-absolute": {
      "version": "1.0.1",
      "license": "MIT",
      "peer": true,
      "engines": {
        "node": ">=0.10.0"
      }
    },
    "node_modules/pend": {
      "version": "1.2.0",
      "license": "MIT",
      "peer": true
    },
    "node_modules/pkg-dir": {
      "version": "4.2.0",
      "license": "MIT",
      "peer": true,
      "dependencies": {
        "find-up": "^4.0.0"
      },
      "engines": {
        "node": ">=8"
      }
    },
    "node_modules/progress": {
      "version": "2.0.3",
      "license": "MIT",
      "peer": true,
      "engines": {
        "node": ">=0.4.0"
      }
    },
    "node_modules/proxy-from-env": {
      "version": "1.1.0",
      "license": "MIT",
      "peer": true
    },
    "node_modules/pump": {
      "version": "3.0.0",
      "license": "MIT",
      "peer": true,
      "dependencies": {
        "end-of-stream": "^1.1.0",
        "once": "^1.3.1"
      }
    },
    "node_modules/puppeteer": {
      "version": "13.5.2",
      "hasInstallScript": true,
      "license": "Apache-2.0",
      "peer": true,
      "dependencies": {
        "cross-fetch": "3.1.5",
        "debug": "4.3.4",
        "devtools-protocol": "0.0.969999",
        "extract-zip": "2.0.1",
        "https-proxy-agent": "5.0.0",
        "pkg-dir": "4.2.0",
        "progress": "2.0.3",
        "proxy-from-env": "1.1.0",
        "rimraf": "3.0.2",
        "tar-fs": "2.1.1",
        "unbzip2-stream": "1.4.3",
        "ws": "8.5.0"
      },
      "engines": {
        "node": ">=10.18.1"
      }
    },
    "node_modules/readable-stream": {
      "version": "3.6.0",
      "license": "MIT",
      "peer": true,
      "dependencies": {
        "inherits": "^2.0.3",
        "string_decoder": "^1.1.1",
        "util-deprecate": "^1.0.1"
      },
      "engines": {
        "node": ">= 6"
      }
    },
    "node_modules/rimraf": {
      "version": "3.0.2",
      "license": "ISC",
      "peer": true,
      "dependencies": {
        "glob": "^7.1.3"
      },
      "bin": {
        "rimraf": "bin.js"
      },
      "funding": {
        "url": "https://github.com/sponsors/isaacs"
      }
    },
    "node_modules/safe-buffer": {
      "version": "5.2.1",
      "funding": [
        {
          "type": "github",
          "url": "https://github.com/sponsors/feross"
        },
        {
          "type": "patreon",
          "url": "https://www.patreon.com/feross"
        },
        {
          "type": "consulting",
          "url": "https://feross.org/support"
        }
      ],
      "license": "MIT",
      "peer": true
    },
    "node_modules/string_decoder": {
      "version": "1.3.0",
      "license": "MIT",
      "peer": true,
      "dependencies": {
        "safe-buffer": "~5.2.0"
      }
    },
    "node_modules/tar-fs": {
      "version": "2.1.1",
      "license": "MIT",
      "peer": true,
      "dependencies": {
        "chownr": "^1.1.1",
        "mkdirp-classic": "^0.5.2",
        "pump": "^3.0.0",
        "tar-stream": "^2.1.4"
      }
    },
    "node_modules/tar-stream": {
      "version": "2.2.0",
      "license": "MIT",
      "peer": true,
      "dependencies": {
        "bl": "^4.0.3",
        "end-of-stream": "^1.4.1",
        "fs-constants": "^1.0.0",
        "inherits": "^2.0.3",
        "readable-stream": "^3.1.1"
      },
      "engines": {
        "node": ">=6"
      }
    },
    "node_modules/through": {
      "version": "2.3.8",
      "license": "MIT",
      "peer": true
    },
    "node_modules/tr46": {
      "version": "0.0.3",
      "license": "MIT",
      "peer": true
    },
    "node_modules/typescript": {
      "version": "4.6.3",
      "dev": true,
      "license": "Apache-2.0",
      "bin": {
        "tsc": "bin/tsc",
        "tsserver": "bin/tsserver"
      },
      "engines": {
        "node": ">=4.2.0"
      }
    },
    "node_modules/unbzip2-stream": {
      "version": "1.4.3",
      "license": "MIT",
      "peer": true,
      "dependencies": {
        "buffer": "^5.2.1",
        "through": "^2.3.8"
      }
    },
    "node_modules/util-deprecate": {
      "version": "1.0.2",
      "license": "MIT",
      "peer": true
    },
    "node_modules/webidl-conversions": {
      "version": "3.0.1",
      "license": "BSD-2-Clause",
      "peer": true
    },
    "node_modules/whatwg-url": {
      "version": "5.0.0",
      "license": "MIT",
      "peer": true,
      "dependencies": {
        "tr46": "~0.0.3",
        "webidl-conversions": "^3.0.0"
      }
    },
    "node_modules/wrappy": {
      "version": "1.0.2",
      "license": "ISC",
      "peer": true
    },
    "node_modules/ws": {
      "version": "8.5.0",
      "license": "MIT",
      "peer": true,
      "engines": {
        "node": ">=10.0.0"
      },
      "peerDependencies": {
        "bufferutil": "^4.0.1",
        "utf-8-validate": "^5.0.2"
      },
      "peerDependenciesMeta": {
        "bufferutil": {
          "optional": true
        },
        "utf-8-validate": {
          "optional": true
        }
      }
    },
    "node_modules/yauzl": {
      "version": "2.10.0",
      "license": "MIT",
      "peer": true,
      "dependencies": {
        "buffer-crc32": "~0.2.3",
        "fd-slicer": "~1.1.0"
      }
    }
  },
  "dependencies": {
    "@types/node": {
      "version": "17.0.24",
      "optional": true,
      "peer": true
    },
    "@types/yauzl": {
      "version": "2.10.0",
      "optional": true,
      "peer": true,
      "requires": {
        "@types/node": "*"
      }
    },
    "agent-base": {
      "version": "6.0.2",
      "peer": true,
      "requires": {
        "debug": "4"
      }
    },
    "balanced-match": {
      "version": "1.0.2",
      "peer": true
    },
    "base64-js": {
      "version": "1.5.1",
      "peer": true
    },
    "bl": {
      "version": "4.1.0",
      "peer": true,
      "requires": {
        "buffer": "^5.5.0",
        "inherits": "^2.0.4",
        "readable-stream": "^3.4.0"
      }
    },
    "brace-expansion": {
      "version": "1.1.11",
      "peer": true,
      "requires": {
        "balanced-match": "^1.0.0",
        "concat-map": "0.0.1"
      }
    },
    "buffer": {
      "version": "5.7.1",
      "peer": true,
      "requires": {
        "base64-js": "^1.3.1",
        "ieee754": "^1.1.13"
      }
    },
    "buffer-crc32": {
      "version": "0.2.13",
      "peer": true
    },
    "chownr": {
      "version": "1.1.4",
      "peer": true
    },
    "concat-map": {
      "version": "0.0.1",
      "peer": true
    },
    "cross-fetch": {
      "version": "3.1.5",
      "peer": true,
      "requires": {
        "node-fetch": "2.6.7"
      }
    },
    "debug": {
      "version": "4.3.4",
      "peer": true,
      "requires": {
        "ms": "2.1.2"
      }
    },
    "devtools-protocol": {
      "version": "0.0.969999",
      "peer": true
    },
    "dotenv": {
      "version": "8.6.0",
      "peer": true
    },
    "end-of-stream": {
      "version": "1.4.4",
      "peer": true,
      "requires": {
        "once": "^1.4.0"
      }
    },
    "extract-zip": {
      "version": "2.0.1",
      "peer": true,
      "requires": {
        "@types/yauzl": "^2.9.1",
        "debug": "^4.1.1",
        "get-stream": "^5.1.0",
        "yauzl": "^2.10.0"
      }
    },
    "fd-slicer": {
      "version": "1.1.0",
      "peer": true,
      "requires": {
        "pend": "~1.2.0"
      }
    },
    "find-up": {
      "version": "4.1.0",
      "peer": true,
      "requires": {
        "locate-path": "^5.0.0",
        "path-exists": "^4.0.0"
      }
    },
    "fs-constants": {
      "version": "1.0.0",
      "peer": true
    },
    "fs.realpath": {
      "version": "1.0.0",
      "peer": true
    },
    "get-stream": {
      "version": "5.2.0",
      "peer": true,
      "requires": {
        "pump": "^3.0.0"
      }
    },
    "glob": {
      "version": "7.2.0",
      "peer": true,
      "requires": {
        "fs.realpath": "^1.0.0",
        "inflight": "^1.0.4",
        "inherits": "2",
        "minimatch": "^3.0.4",
        "once": "^1.3.0",
        "path-is-absolute": "^1.0.0"
      }
    },
    "https-proxy-agent": {
      "version": "5.0.0",
      "peer": true,
      "requires": {
        "agent-base": "6",
        "debug": "4"
      }
    },
    "ieee754": {
      "version": "1.2.1",
      "peer": true
    },
    "inflight": {
      "version": "1.0.6",
      "peer": true,
      "requires": {
        "once": "^1.3.0",
        "wrappy": "1"
      }
    },
    "inherits": {
      "version": "2.0.4",
      "peer": true
    },
    "locate-path": {
      "version": "5.0.0",
      "peer": true,
      "requires": {
        "p-locate": "^4.1.0"
      }
    },
    "master-list": {
      "version": "git+ssh://git@github.com/zeyber/master-list.git#a8f98b98f3f26dcc48dd06fe7139cddbcd23c619",
      "from": "master-list@git://github.com/zeyber/master-list.git",
      "peer": true,
      "requires": {
        "dotenv": "^8.2.0",
        "puppeteer": "^13.0.0"
      }
    },
    "minimatch": {
      "version": "3.1.2",
      "peer": true,
      "requires": {
        "brace-expansion": "^1.1.7"
      }
    },
    "mkdirp-classic": {
      "version": "0.5.3",
      "peer": true
    },
    "ms": {
      "version": "2.1.2",
      "peer": true
    },
    "node-fetch": {
      "version": "2.6.7",
      "peer": true,
      "requires": {
        "whatwg-url": "^5.0.0"
      }
    },
    "once": {
      "version": "1.4.0",
      "peer": true,
      "requires": {
        "wrappy": "1"
      }
    },
    "p-limit": {
      "version": "2.3.0",
      "peer": true,
      "requires": {
        "p-try": "^2.0.0"
      }
    },
    "p-locate": {
      "version": "4.1.0",
      "peer": true,
      "requires": {
        "p-limit": "^2.2.0"
      }
    },
    "p-try": {
      "version": "2.2.0",
      "peer": true
    },
    "path-exists": {
      "version": "4.0.0",
      "peer": true
    },
    "path-is-absolute": {
      "version": "1.0.1",
      "peer": true
    },
    "pend": {
      "version": "1.2.0",
      "peer": true
    },
    "pkg-dir": {
      "version": "4.2.0",
      "peer": true,
      "requires": {
        "find-up": "^4.0.0"
      }
    },
    "progress": {
      "version": "2.0.3",
      "peer": true
    },
    "proxy-from-env": {
      "version": "1.1.0",
      "peer": true
    },
    "pump": {
      "version": "3.0.0",
      "peer": true,
      "requires": {
        "end-of-stream": "^1.1.0",
        "once": "^1.3.1"
      }
    },
    "puppeteer": {
      "version": "13.5.2",
      "peer": true,
      "requires": {
        "cross-fetch": "3.1.5",
        "debug": "4.3.4",
        "devtools-protocol": "0.0.969999",
        "extract-zip": "2.0.1",
        "https-proxy-agent": "5.0.0",
        "pkg-dir": "4.2.0",
        "progress": "2.0.3",
        "proxy-from-env": "1.1.0",
        "rimraf": "3.0.2",
        "tar-fs": "2.1.1",
        "unbzip2-stream": "1.4.3",
        "ws": "8.5.0"
      }
    },
    "readable-stream": {
      "version": "3.6.0",
      "peer": true,
      "requires": {
        "inherits": "^2.0.3",
        "string_decoder": "^1.1.1",
        "util-deprecate": "^1.0.1"
      }
    },
    "rimraf": {
      "version": "3.0.2",
      "peer": true,
      "requires": {
        "glob": "^7.1.3"
      }
    },
    "safe-buffer": {
      "version": "5.2.1",
      "peer": true
    },
    "string_decoder": {
      "version": "1.3.0",
      "peer": true,
      "requires": {
        "safe-buffer": "~5.2.0"
      }
    },
    "tar-fs": {
      "version": "2.1.1",
      "peer": true,
      "requires": {
        "chownr": "^1.1.1",
        "mkdirp-classic": "^0.5.2",
        "pump": "^3.0.0",
        "tar-stream": "^2.1.4"
      }
    },
    "tar-stream": {
      "version": "2.2.0",
      "peer": true,
      "requires": {
        "bl": "^4.0.3",
        "end-of-stream": "^1.4.1",
        "fs-constants": "^1.0.0",
        "inherits": "^2.0.3",
        "readable-stream": "^3.1.1"
      }
    },
    "through": {
      "version": "2.3.8",
      "peer": true
    },
    "tr46": {
      "version": "0.0.3",
      "peer": true
    },
    "typescript": {
      "version": "4.6.3",
      "dev": true
    },
    "unbzip2-stream": {
      "version": "1.4.3",
      "peer": true,
      "requires": {
        "buffer": "^5.2.1",
        "through": "^2.3.8"
      }
    },
    "util-deprecate": {
      "version": "1.0.2",
      "peer": true
    },
    "webidl-conversions": {
      "version": "3.0.1",
      "peer": true
    },
    "whatwg-url": {
      "version": "5.0.0",
      "peer": true,
      "requires": {
        "tr46": "~0.0.3",
        "webidl-conversions": "^3.0.0"
      }
    },
    "wrappy": {
      "version": "1.0.2",
      "peer": true
    },
    "ws": {
      "version": "8.5.0",
      "peer": true,
      "requires": {}
    },
    "yauzl": {
      "version": "2.10.0",
      "peer": true,
      "requires": {
        "buffer-crc32": "~0.2.3",
        "fd-slicer": "~1.1.0"
      }
    }
  }
}
